
Microsoft Visual Studio Solution File, Format Version 12.00
# Visual Studio 15
VisualStudioVersion = 15.0.28010.2048
MinimumVisualStudioVersion = 10.0.40219.1
Project("{FAE04EC0-301F-11D3-BF4B-00C04F79EFBC}") = "CustomIdentityApp", "CustomIdentityApp\CustomIdentityApp.csproj", "{AC888E04-9591-426D-A1E0-5EB81E57689C}"
EndProject
Global
	GlobalSection(SolutionConfigurationPlatforms) = preSolution
		Debug|Any CPU = Debug|Any CPU
		Release|Any CPU = Release|Any CPU
	EndGlobalSection
	GlobalSection(ProjectConfigurationPlatforms) = postSolution
		{AC888E04-9591-426D-A1E0-5EB81E57689C}.Debug|Any CPU.ActiveCfg = Debug|Any CPU
		{AC888E04-9591-426D-A1E0-5EB81E57689C}.Debug|Any CPU.Build.0 = Debug|Any CPU
		{AC888E04-9591-426D-A1E0-5EB81E57689C}.Release|Any CPU.ActiveCfg = Release|Any CPU
		{AC888E04-9591-426D-A1E0-5EB81E57689C}.Release|Any CPU.Build.0 = Release|Any CPU
	EndGlobalSection
	GlobalSection(SolutionProperties) = preSolution
		HideSolutionNode = FALSE
	EndGlobalSection
	GlobalSection(ExtensibilityGlobals) = postSolution
		SolutionGuid = {C22E485A-0D42-49B4-9EB5-3AE94C51B5B9}
	EndGlobalSection
EndGlobal
